
Microsoft Visual Studio Solution File, Format Version 12.00
# Visual Studio Version 17
VisualStudioVersion = 17.10.35027.167
MinimumVisualStudioVersion = 10.0.40219.1
Project("{FAE04EC0-301F-11D3-BF4B-00C04F79EFBC}") = "TesteLogica", "TesteLogica\TesteLogica.csproj", "{2BD74234-DCFB-4FD4-AEF9-A04487C85AF4}"
EndProject
Global
	GlobalSection(SolutionConfigurationPlatforms) = preSolution
		Debug|Any CPU = Debug|Any CPU
		Release|Any CPU = Release|Any CPU
	EndGlobalSection
	GlobalSection(ProjectConfigurationPlatforms) = postSolution
		{2BD74234-DCFB-4FD4-AEF9-A04487C85AF4}.Debug|Any CPU.ActiveCfg = Debug|Any CPU
		{2BD74234-DCFB-4FD4-AEF9-A04487C85AF4}.Debug|Any CPU.Build.0 = Debug|Any CPU
		{2BD74234-DCFB-4FD4-AEF9-A04487C85AF4}.Release|Any CPU.ActiveCfg = Release|Any CPU
		{2BD74234-DCFB-4FD4-AEF9-A04487C85AF4}.Release|Any CPU.Build.0 = Release|Any CPU
	EndGlobalSection
	GlobalSection(SolutionProperties) = preSolution
		HideSolutionNode = FALSE
	EndGlobalSection
	GlobalSection(ExtensibilityGlobals) = postSolution
		SolutionGuid = {2196488B-A35C-48C8-9FE7-603FF022C51B}
	EndGlobalSection
EndGlobal
